
Microsoft Visual Studio Solution File, Format Version 12.00
# Visual Studio Version 17
VisualStudioVersion = 17.2.32616.157
MinimumVisualStudioVersion = 10.0.40219.1
Project("{FAE04EC0-301F-11D3-BF4B-00C04F79EFBC}") = "dlekomze.BergInfo.DbSetup", "dlekomze.BergInfo.DbSetup\dlekomze.BergInfo.DbSetup.csproj", "{8AFA4A81-FA15-4EA5-88A4-BC1C063300CC}"
EndProject
Project("{FAE04EC0-301F-11D3-BF4B-00C04F79EFBC}") = "dlekomze.BergInfo.SqlServer", "dlekomze.BergInfo.SqlServer\dlekomze.BergInfo.SqlServer.csproj", "{1C8C6291-E815-4D44-96CD-1DDDA1C4FEFF}"
EndProject
Project("{FAE04EC0-301F-11D3-BF4B-00C04F79EFBC}") = "dlekomze.BergInfo.Entity", "dlekomze.BergInfo.Entity\dlekomze.BergInfo.Entity.csproj", "{DF6C4AEC-18B3-4192-9252-A2839429E18A}"
EndProject
Global
	GlobalSection(SolutionConfigurationPlatforms) = preSolution
		Debug|Any CPU = Debug|Any CPU
		Release|Any CPU = Release|Any CPU
	EndGlobalSection
	GlobalSection(ProjectConfigurationPlatforms) = postSolution
		{8AFA4A81-FA15-4EA5-88A4-BC1C063300CC}.Debug|Any CPU.ActiveCfg = Debug|Any CPU
		{8AFA4A81-FA15-4EA5-88A4-BC1C063300CC}.Debug|Any CPU.Build.0 = Debug|Any CPU
		{8AFA4A81-FA15-4EA5-88A4-BC1C063300CC}.Release|Any CPU.ActiveCfg = Release|Any CPU
		{8AFA4A81-FA15-4EA5-88A4-BC1C063300CC}.Release|Any CPU.Build.0 = Release|Any CPU
		{1C8C6291-E815-4D44-96CD-1DDDA1C4FEFF}.Debug|Any CPU.ActiveCfg = Debug|Any CPU
		{1C8C6291-E815-4D44-96CD-1DDDA1C4FEFF}.Debug|Any CPU.Build.0 = Debug|Any CPU
		{1C8C6291-E815-4D44-96CD-1DDDA1C4FEFF}.Release|Any CPU.ActiveCfg = Release|Any CPU
		{1C8C6291-E815-4D44-96CD-1DDDA1C4FEFF}.Release|Any CPU.Build.0 = Release|Any CPU
		{DF6C4AEC-18B3-4192-9252-A2839429E18A}.Debug|Any CPU.ActiveCfg = Debug|Any CPU
		{DF6C4AEC-18B3-4192-9252-A2839429E18A}.Debug|Any CPU.Build.0 = Debug|Any CPU
		{DF6C4AEC-18B3-4192-9252-A2839429E18A}.Release|Any CPU.ActiveCfg = Release|Any CPU
		{DF6C4AEC-18B3-4192-9252-A2839429E18A}.Release|Any CPU.Build.0 = Release|Any CPU
	EndGlobalSection
	GlobalSection(SolutionProperties) = preSolution
		HideSolutionNode = FALSE
	EndGlobalSection
	GlobalSection(ExtensibilityGlobals) = postSolution
		SolutionGuid = {87F35252-4F0F-4114-8A28-5B4BAFA65230}
	EndGlobalSection
EndGlobal
