
Microsoft Visual Studio Solution File, Format Version 12.00
# Visual Studio Version 17
VisualStudioVersion = 17.2.32616.157
MinimumVisualStudioVersion = 10.0.40219.1
Project("{FAE04EC0-301F-11D3-BF4B-00C04F79EFBC}") = "LinqUebung.UI", "LinqUebung.UI\LinqUebung.UI.csproj", "{0946292A-66D0-4139-A406-4AD12B329D5C}"
EndProject
Project("{FAE04EC0-301F-11D3-BF4B-00C04F79EFBC}") = "LinqUebung.Model", "LinqUebung.Model\LinqUebung.Model.csproj", "{8734CD8A-C61A-44FA-853A-52CE28BDDFF2}"
EndProject
Project("{FAE04EC0-301F-11D3-BF4B-00C04F79EFBC}") = "LinqUebung.DataAccess", "LinqUebung.DataAccess\LinqUebung.DataAccess.csproj", "{DFF4941A-C3AA-4E69-B0E7-2DF250E3E73C}"
EndProject
Global
	GlobalSection(SolutionConfigurationPlatforms) = preSolution
		Debug|Any CPU = Debug|Any CPU
		Release|Any CPU = Release|Any CPU
	EndGlobalSection
	GlobalSection(ProjectConfigurationPlatforms) = postSolution
		{0946292A-66D0-4139-A406-4AD12B329D5C}.Debug|Any CPU.ActiveCfg = Debug|Any CPU
		{0946292A-66D0-4139-A406-4AD12B329D5C}.Debug|Any CPU.Build.0 = Debug|Any CPU
		{0946292A-66D0-4139-A406-4AD12B329D5C}.Release|Any CPU.ActiveCfg = Release|Any CPU
		{0946292A-66D0-4139-A406-4AD12B329D5C}.Release|Any CPU.Build.0 = Release|Any CPU
		{8734CD8A-C61A-44FA-853A-52CE28BDDFF2}.Debug|Any CPU.ActiveCfg = Debug|Any CPU
		{8734CD8A-C61A-44FA-853A-52CE28BDDFF2}.Debug|Any CPU.Build.0 = Debug|Any CPU
		{8734CD8A-C61A-44FA-853A-52CE28BDDFF2}.Release|Any CPU.ActiveCfg = Release|Any CPU
		{8734CD8A-C61A-44FA-853A-52CE28BDDFF2}.Release|Any CPU.Build.0 = Release|Any CPU
		{DFF4941A-C3AA-4E69-B0E7-2DF250E3E73C}.Debug|Any CPU.ActiveCfg = Debug|Any CPU
		{DFF4941A-C3AA-4E69-B0E7-2DF250E3E73C}.Debug|Any CPU.Build.0 = Debug|Any CPU
		{DFF4941A-C3AA-4E69-B0E7-2DF250E3E73C}.Release|Any CPU.ActiveCfg = Release|Any CPU
		{DFF4941A-C3AA-4E69-B0E7-2DF250E3E73C}.Release|Any CPU.Build.0 = Release|Any CPU
	EndGlobalSection
	GlobalSection(SolutionProperties) = preSolution
		HideSolutionNode = FALSE
	EndGlobalSection
	GlobalSection(ExtensibilityGlobals) = postSolution
		SolutionGuid = {506B3767-9C45-43F3-9955-553DB1144E4F}
	EndGlobalSection
EndGlobal
